PODS:
  - Reachability (3.2)
  - shared (1.0):
    - Reachability

DEPENDENCIES:
  - shared (from `../shared`)

SPEC REPOS:
  trunk:
    - Reachability

EXTERNAL SOURCES:
  shared:
    :path: "../shared"

SPEC CHECKSUMS:
  Reachability: 33e18b67625424e47b6cde6d202dce689ad7af96
  shared: 20a97b0bf16663fd6da6f62f289c5b1e915b66d8

PODFILE CHECKSUM: f282da88f39e69507b0a255187c8a6b644477756

COCOAPODS: 1.11.3
